
Microsoft Visual Studio Solution File, Format Version 12.00
# Visual Studio 15
VisualStudioVersion = 15.0.26730.10
MinimumVisualStudioVersion = 10.0.40219.1

Project("{6EC3EE1D-3C4E-46DD-8F32-0CC8E7565705}") = "TestFSXamBarcode", "TestFSXamBarcode\TestFSXamBarcode.fsproj", "{A874AF8B-6722-457F-8FFC-C9AB56F0266B}"
EndProject

Project("{F2A71F9B-5D33-465A-A702-920D77279786}") = "TestFSXamBarcode.Android", "TestFSXamBarcode.Android\TestFSXamBarcode.Android.fsproj", "{E3C0E418-0FDD-407E-8788-5F37A1E3CB84}"
EndProject

Project("{F2A71F9B-5D33-465A-A702-920D77279786}") = "TestFSXamBarcode.Gtk", "TestFSXamBarcode.Gtk\TestFSXamBarcode.Gtk.fsproj", "{33895D34-AACF-42DA-A701-791DEF758CB6}"
EndProject

Project("{F2A71F9B-5D33-465A-A702-920D77279786}") = "TestFSXamBarcode.iOS", "TestFSXamBarcode.iOS\TestFSXamBarcode.iOS.fsproj", "{C210B546-D611-4AA4-8BC6-BABC7B3867FE}"
EndProject

Project("{F2A71F9B-5D33-465A-A702-920D77279786}") = "TestFSXamBarcode.macOS", "TestFSXamBarcode.macOS\TestFSXamBarcode.macOS.fsproj", "{A203AF70-0844-460A-A4A4-5CE493578C59}"
EndProject

Project("{F2A71F9B-5D33-465A-A702-920D77279786}") = "TestFSXamBarcode.WPF", "TestFSXamBarcode.WPF\TestFSXamBarcode.WPF.fsproj", "{D324E0F7-19FC-4AE1-8425-9D024A14B5F1}"
EndProject

Project("{FAE04EC0-301F-11D3-BF4B-00C04F79EFBC}") = "TestFSXamBarcode.UWP", "TestFSXamBarcode.UWP\TestFSXamBarcode.UWP.csproj", "{D5103E8B-8EA5-4D0B-9028-1B2D89632B3F}"
EndProject

Global
	GlobalSection(SolutionConfigurationPlatforms) = preSolution
		Ad-Hoc|Any CPU = Ad-Hoc|Any CPU
		Ad-Hoc|ARM = Ad-Hoc|ARM
		Ad-Hoc|iPhone = Ad-Hoc|iPhone
		Ad-Hoc|iPhoneSimulator = Ad-Hoc|iPhoneSimulator
		Ad-Hoc|x64 = Ad-Hoc|x64
		Ad-Hoc|x86 = Ad-Hoc|x86
		AppStore|Any CPU = AppStore|Any CPU
		AppStore|ARM = AppStore|ARM
		AppStore|iPhone = AppStore|iPhone
		AppStore|iPhoneSimulator = AppStore|iPhoneSimulator
		AppStore|x64 = AppStore|x64
		AppStore|x86 = AppStore|x86
		Debug|Any CPU = Debug|Any CPU
		Debug|ARM = Debug|ARM
		Debug|iPhone = Debug|iPhone
		Debug|iPhoneSimulator = Debug|iPhoneSimulator
		Debug|x64 = Debug|x64
		Debug|x86 = Debug|x86
		Release|Any CPU = Release|Any CPU
		Release|ARM = Release|ARM
		Release|iPhone = Release|iPhone
		Release|iPhoneSimulator = Release|iPhoneSimulator
		Release|x64 = Release|x64
		Release|x86 = Release|x86
	EndGlobalSection
	GlobalSection(ProjectConfigurationPlatforms) = postSolution
		{A874AF8B-6722-457F-8FFC-C9AB56F0266B}.Ad-Hoc|Any CPU.ActiveCfg = Debug|Any CPU
		{A874AF8B-6722-457F-8FFC-C9AB56F0266B}.Ad-Hoc|Any CPU.Build.0 = Debug|Any CPU
		{A874AF8B-6722-457F-8FFC-C9AB56F0266B}.Ad-Hoc|ARM.ActiveCfg = Debug|Any CPU
		{A874AF8B-6722-457F-8FFC-C9AB56F0266B}.Ad-Hoc|ARM.Build.0 = Debug|Any CPU
		{A874AF8B-6722-457F-8FFC-C9AB56F0266B}.Ad-Hoc|iPhone.ActiveCfg = Debug|Any CPU
		{A874AF8B-6722-457F-8FFC-C9AB56F0266B}.Ad-Hoc|iPhone.Build.0 = Debug|Any CPU
		{A874AF8B-6722-457F-8FFC-C9AB56F0266B}.Ad-Hoc|iPhoneSimulator.ActiveCfg = Debug|Any CPU
		{A874AF8B-6722-457F-8FFC-C9AB56F0266B}.Ad-Hoc|iPhoneSimulator.Build.0 = Debug|Any CPU
		{A874AF8B-6722-457F-8FFC-C9AB56F0266B}.Ad-Hoc|x64.ActiveCfg = Debug|Any CPU
		{A874AF8B-6722-457F-8FFC-C9AB56F0266B}.Ad-Hoc|x64.Build.0 = Debug|Any CPU
		{A874AF8B-6722-457F-8FFC-C9AB56F0266B}.Ad-Hoc|x86.ActiveCfg = Debug|Any CPU
		{A874AF8B-6722-457F-8FFC-C9AB56F0266B}.Ad-Hoc|x86.Build.0 = Debug|Any CPU
		{A874AF8B-6722-457F-8FFC-C9AB56F0266B}.AppStore|Any CPU.ActiveCfg = Debug|Any CPU
		{A874AF8B-6722-457F-8FFC-C9AB56F0266B}.AppStore|Any CPU.Build.0 = Debug|Any CPU
		{A874AF8B-6722-457F-8FFC-C9AB56F0266B}.AppStore|ARM.ActiveCfg = Debug|Any CPU
		{A874AF8B-6722-457F-8FFC-C9AB56F0266B}.AppStore|ARM.Build.0 = Debug|Any CPU
		{A874AF8B-6722-457F-8FFC-C9AB56F0266B}.AppStore|iPhone.ActiveCfg = Debug|Any CPU
		{A874AF8B-6722-457F-8FFC-C9AB56F0266B}.AppStore|iPhone.Build.0 = Debug|Any CPU
		{A874AF8B-6722-457F-8FFC-C9AB56F0266B}.AppStore|iPhoneSimulator.ActiveCfg = Debug|Any CPU
		{A874AF8B-6722-457F-8FFC-C9AB56F0266B}.AppStore|iPhoneSimulator.Build.0 = Debug|Any CPU
		{A874AF8B-6722-457F-8FFC-C9AB56F0266B}.AppStore|x64.ActiveCfg = Debug|Any CPU
		{A874AF8B-6722-457F-8FFC-C9AB56F0266B}.AppStore|x64.Build.0 = Debug|Any CPU
		{A874AF8B-6722-457F-8FFC-C9AB56F0266B}.AppStore|x86.ActiveCfg = Debug|Any CPU
		{A874AF8B-6722-457F-8FFC-C9AB56F0266B}.AppStore|x86.Build.0 = Debug|Any CPU
		{A874AF8B-6722-457F-8FFC-C9AB56F0266B}.Debug|Any CPU.ActiveCfg = Debug|Any CPU
		{A874AF8B-6722-457F-8FFC-C9AB56F0266B}.Debug|Any CPU.Build.0 = Debug|Any CPU
		{A874AF8B-6722-457F-8FFC-C9AB56F0266B}.Debug|ARM.ActiveCfg = Debug|Any CPU
		{A874AF8B-6722-457F-8FFC-C9AB56F0266B}.Debug|ARM.Build.0 = Debug|Any CPU
		{A874AF8B-6722-457F-8FFC-C9AB56F0266B}.Debug|iPhone.ActiveCfg = Debug|Any CPU
		{A874AF8B-6722-457F-8FFC-C9AB56F0266B}.Debug|iPhone.Build.0 = Debug|Any CPU
		{A874AF8B-6722-457F-8FFC-C9AB56F0266B}.Debug|iPhoneSimulator.ActiveCfg = Debug|Any CPU
		{A874AF8B-6722-457F-8FFC-C9AB56F0266B}.Debug|iPhoneSimulator.Build.0 = Debug|Any CPU
		{A874AF8B-6722-457F-8FFC-C9AB56F0266B}.Debug|x64.ActiveCfg = Debug|Any CPU
		{A874AF8B-6722-457F-8FFC-C9AB56F0266B}.Debug|x64.Build.0 = Debug|Any CPU
		{A874AF8B-6722-457F-8FFC-C9AB56F0266B}.Debug|x86.ActiveCfg = Debug|Any CPU
		{A874AF8B-6722-457F-8FFC-C9AB56F0266B}.Debug|x86.Build.0 = Debug|Any CPU
		{A874AF8B-6722-457F-8FFC-C9AB56F0266B}.Release|Any CPU.ActiveCfg = Release|Any CPU
		{A874AF8B-6722-457F-8FFC-C9AB56F0266B}.Release|Any CPU.Build.0 = Release|Any CPU
		{A874AF8B-6722-457F-8FFC-C9AB56F0266B}.Release|ARM.ActiveCfg = Release|Any CPU
		{A874AF8B-6722-457F-8FFC-C9AB56F0266B}.Release|ARM.Build.0 = Release|Any CPU
		{A874AF8B-6722-457F-8FFC-C9AB56F0266B}.Release|iPhone.ActiveCfg = Release|Any CPU
		{A874AF8B-6722-457F-8FFC-C9AB56F0266B}.Release|iPhone.Build.0 = Release|Any CPU
		{A874AF8B-6722-457F-8FFC-C9AB56F0266B}.Release|iPhoneSimulator.ActiveCfg = Release|Any CPU
		{A874AF8B-6722-457F-8FFC-C9AB56F0266B}.Release|iPhoneSimulator.Build.0 = Release|Any CPU
		{A874AF8B-6722-457F-8FFC-C9AB56F0266B}.Release|x64.ActiveCfg = Release|Any CPU
		{A874AF8B-6722-457F-8FFC-C9AB56F0266B}.Release|x64.Build.0 = Release|Any CPU
		{A874AF8B-6722-457F-8FFC-C9AB56F0266B}.Release|x86.ActiveCfg = Release|Any CPU
		{A874AF8B-6722-457F-8FFC-C9AB56F0266B}.Release|x86.Build.0 = Release|Any CPU
		{C210B546-D611-4AA4-8BC6-BABC7B3867FE}.Ad-Hoc|Any CPU.ActiveCfg = Ad-Hoc|iPhone
		{C210B546-D611-4AA4-8BC6-BABC7B3867FE}.Ad-Hoc|ARM.ActiveCfg = Ad-Hoc|iPhone
		{C210B546-D611-4AA4-8BC6-BABC7B3867FE}.Ad-Hoc|iPhone.ActiveCfg = Ad-Hoc|iPhone
		{C210B546-D611-4AA4-8BC6-BABC7B3867FE}.Ad-Hoc|iPhone.Build.0 = Ad-Hoc|iPhone
		{C210B546-D611-4AA4-8BC6-BABC7B3867FE}.Ad-Hoc|iPhoneSimulator.ActiveCfg = Ad-Hoc|iPhoneSimulator
		{C210B546-D611-4AA4-8BC6-BABC7B3867FE}.Ad-Hoc|iPhoneSimulator.Build.0 = Ad-Hoc|iPhoneSimulator
		{C210B546-D611-4AA4-8BC6-BABC7B3867FE}.Ad-Hoc|x64.ActiveCfg = Ad-Hoc|iPhone
		{C210B546-D611-4AA4-8BC6-BABC7B3867FE}.Ad-Hoc|x86.ActiveCfg = Ad-Hoc|iPhone
		{C210B546-D611-4AA4-8BC6-BABC7B3867FE}.AppStore|Any CPU.ActiveCfg = AppStore|iPhone
		{C210B546-D611-4AA4-8BC6-BABC7B3867FE}.AppStore|ARM.ActiveCfg = AppStore|iPhone
		{C210B546-D611-4AA4-8BC6-BABC7B3867FE}.AppStore|iPhone.ActiveCfg = AppStore|iPhone
		{C210B546-D611-4AA4-8BC6-BABC7B3867FE}.AppStore|iPhone.Build.0 = AppStore|iPhone
		{C210B546-D611-4AA4-8BC6-BABC7B3867FE}.AppStore|iPhoneSimulator.ActiveCfg = AppStore|iPhoneSimulator
		{C210B546-D611-4AA4-8BC6-BABC7B3867FE}.AppStore|iPhoneSimulator.Build.0 = AppStore|iPhoneSimulator
		{C210B546-D611-4AA4-8BC6-BABC7B3867FE}.AppStore|x64.ActiveCfg = AppStore|iPhone
		{C210B546-D611-4AA4-8BC6-BABC7B3867FE}.AppStore|x86.ActiveCfg = AppStore|iPhone
		{C210B546-D611-4AA4-8BC6-BABC7B3867FE}.Debug|Any CPU.ActiveCfg = Debug|iPhone
		{C210B546-D611-4AA4-8BC6-BABC7B3867FE}.Debug|ARM.ActiveCfg = Debug|iPhone
		{C210B546-D611-4AA4-8BC6-BABC7B3867FE}.Debug|iPhone.ActiveCfg = Debug|iPhone
		{C210B546-D611-4AA4-8BC6-BABC7B3867FE}.Debug|iPhone.Build.0 = Debug|iPhone
		{C210B546-D611-4AA4-8BC6-BABC7B3867FE}.Debug|iPhoneSimulator.ActiveCfg = Debug|iPhoneSimulator
		{C210B546-D611-4AA4-8BC6-BABC7B3867FE}.Debug|iPhoneSimulator.Build.0 = Debug|iPhoneSimulator
		{C210B546-D611-4AA4-8BC6-BABC7B3867FE}.Debug|x64.ActiveCfg = Debug|iPhone
		{C210B546-D611-4AA4-8BC6-BABC7B3867FE}.Debug|x86.ActiveCfg = Debug|iPhone
		{C210B546-D611-4AA4-8BC6-BABC7B3867FE}.Release|Any CPU.ActiveCfg = Release|iPhone
		{C210B546-D611-4AA4-8BC6-BABC7B3867FE}.Release|ARM.ActiveCfg = Release|iPhone
		{C210B546-D611-4AA4-8BC6-BABC7B3867FE}.Release|iPhone.ActiveCfg = Release|iPhone
		{C210B546-D611-4AA4-8BC6-BABC7B3867FE}.Release|iPhone.Build.0 = Release|iPhone
		{C210B546-D611-4AA4-8BC6-BABC7B3867FE}.Release|iPhoneSimulator.ActiveCfg = Release|iPhoneSimulator
		{C210B546-D611-4AA4-8BC6-BABC7B3867FE}.Release|iPhoneSimulator.Build.0 = Release|iPhoneSimulator
		{C210B546-D611-4AA4-8BC6-BABC7B3867FE}.Release|x64.ActiveCfg = Release|iPhone
		{C210B546-D611-4AA4-8BC6-BABC7B3867FE}.Release|x86.ActiveCfg = Release|iPhone
		{2552E97B-D428-4878-967E-6C32D6E1BABF}.Ad-Hoc|Any CPU.ActiveCfg = Release|x86
		{2552E97B-D428-4878-967E-6C32D6E1BABF}.Ad-Hoc|Any CPU.Build.0 = Release|x86
		{2552E97B-D428-4878-967E-6C32D6E1BABF}.Ad-Hoc|Any CPU.Deploy.0 = Release|x86
		{2552E97B-D428-4878-967E-6C32D6E1BABF}.Ad-Hoc|ARM.ActiveCfg = Release|ARM
		{2552E97B-D428-4878-967E-6C32D6E1BABF}.Ad-Hoc|ARM.Build.0 = Release|ARM
		{2552E97B-D428-4878-967E-6C32D6E1BABF}.Ad-Hoc|ARM.Deploy.0 = Release|ARM
		{2552E97B-D428-4878-967E-6C32D6E1BABF}.Ad-Hoc|iPhone.ActiveCfg = Release|x86
		{2552E97B-D428-4878-967E-6C32D6E1BABF}.Ad-Hoc|iPhone.Build.0 = Release|x86
		{2552E97B-D428-4878-967E-6C32D6E1BABF}.Ad-Hoc|iPhone.Deploy.0 = Release|x86
		{2552E97B-D428-4878-967E-6C32D6E1BABF}.Ad-Hoc|iPhoneSimulator.ActiveCfg = Release|x86
		{2552E97B-D428-4878-967E-6C32D6E1BABF}.Ad-Hoc|iPhoneSimulator.Build.0 = Release|x86
		{2552E97B-D428-4878-967E-6C32D6E1BABF}.Ad-Hoc|iPhoneSimulator.Deploy.0 = Release|x86
		{2552E97B-D428-4878-967E-6C32D6E1BABF}.Ad-Hoc|x64.ActiveCfg = Release|x64
		{2552E97B-D428-4878-967E-6C32D6E1BABF}.Ad-Hoc|x64.Build.0 = Release|x64
		{2552E97B-D428-4878-967E-6C32D6E1BABF}.Ad-Hoc|x64.Deploy.0 = Release|x64
		{2552E97B-D428-4878-967E-6C32D6E1BABF}.Ad-Hoc|x86.ActiveCfg = Release|x86
		{2552E97B-D428-4878-967E-6C32D6E1BABF}.Ad-Hoc|x86.Build.0 = Release|x86
		{2552E97B-D428-4878-967E-6C32D6E1BABF}.Ad-Hoc|x86.Deploy.0 = Release|x86
		{2552E97B-D428-4878-967E-6C32D6E1BABF}.AppStore|Any CPU.ActiveCfg = Release|x86
		{2552E97B-D428-4878-967E-6C32D6E1BABF}.AppStore|Any CPU.Build.0 = Release|x86
		{2552E97B-D428-4878-967E-6C32D6E1BABF}.AppStore|Any CPU.Deploy.0 = Release|x86
		{2552E97B-D428-4878-967E-6C32D6E1BABF}.AppStore|ARM.ActiveCfg = Release|ARM
		{2552E97B-D428-4878-967E-6C32D6E1BABF}.AppStore|ARM.Build.0 = Release|ARM
		{2552E97B-D428-4878-967E-6C32D6E1BABF}.AppStore|ARM.Deploy.0 = Release|ARM
		{2552E97B-D428-4878-967E-6C32D6E1BABF}.AppStore|iPhone.ActiveCfg = Release|x86
		{2552E97B-D428-4878-967E-6C32D6E1BABF}.AppStore|iPhone.Build.0 = Release|x86
		{2552E97B-D428-4878-967E-6C32D6E1BABF}.AppStore|iPhone.Deploy.0 = Release|x86
		{2552E97B-D428-4878-967E-6C32D6E1BABF}.AppStore|iPhoneSimulator.ActiveCfg = Release|x86
		{2552E97B-D428-4878-967E-6C32D6E1BABF}.AppStore|iPhoneSimulator.Build.0 = Release|x86
		{2552E97B-D428-4878-967E-6C32D6E1BABF}.AppStore|iPhoneSimulator.Deploy.0 = Release|x86
		{2552E97B-D428-4878-967E-6C32D6E1BABF}.AppStore|x64.ActiveCfg = Release|x64
		{2552E97B-D428-4878-967E-6C32D6E1BABF}.AppStore|x64.Build.0 = Release|x64
		{2552E97B-D428-4878-967E-6C32D6E1BABF}.AppStore|x64.Deploy.0 = Release|x64
		{2552E97B-D428-4878-967E-6C32D6E1BABF}.AppStore|x86.ActiveCfg = Release|x86
		{2552E97B-D428-4878-967E-6C32D6E1BABF}.AppStore|x86.Build.0 = Release|x86
		{2552E97B-D428-4878-967E-6C32D6E1BABF}.AppStore|x86.Deploy.0 = Release|x86
		{2552E97B-D428-4878-967E-6C32D6E1BABF}.Debug|Any CPU.ActiveCfg = Debug|x86
		{2552E97B-D428-4878-967E-6C32D6E1BABF}.Debug|ARM.ActiveCfg = Debug|ARM
		{2552E97B-D428-4878-967E-6C32D6E1BABF}.Debug|ARM.Build.0 = Debug|ARM
		{2552E97B-D428-4878-967E-6C32D6E1BABF}.Debug|ARM.Deploy.0 = Debug|ARM
		{2552E97B-D428-4878-967E-6C32D6E1BABF}.Debug|iPhone.ActiveCfg = Debug|x86
		{2552E97B-D428-4878-967E-6C32D6E1BABF}.Debug|iPhoneSimulator.ActiveCfg = Debug|x86
		{2552E97B-D428-4878-967E-6C32D6E1BABF}.Debug|x64.ActiveCfg = Debug|x64
		{2552E97B-D428-4878-967E-6C32D6E1BABF}.Debug|x64.Build.0 = Debug|x64
		{2552E97B-D428-4878-967E-6C32D6E1BABF}.Debug|x64.Deploy.0 = Debug|x64
		{2552E97B-D428-4878-967E-6C32D6E1BABF}.Debug|x86.ActiveCfg = Debug|x86
		{2552E97B-D428-4878-967E-6C32D6E1BABF}.Debug|x86.Build.0 = Debug|x86
		{2552E97B-D428-4878-967E-6C32D6E1BABF}.Debug|x86.Deploy.0 = Debug|x86
		{2552E97B-D428-4878-967E-6C32D6E1BABF}.Release|Any CPU.ActiveCfg = Release|x86
		{2552E97B-D428-4878-967E-6C32D6E1BABF}.Release|ARM.ActiveCfg = Release|ARM
		{2552E97B-D428-4878-967E-6C32D6E1BABF}.Release|ARM.Build.0 = Release|ARM
		{2552E97B-D428-4878-967E-6C32D6E1BABF}.Release|ARM.Deploy.0 = Release|ARM
		{2552E97B-D428-4878-967E-6C32D6E1BABF}.Release|iPhone.ActiveCfg = Release|x86
		{2552E97B-D428-4878-967E-6C32D6E1BABF}.Release|iPhoneSimulator.ActiveCfg = Release|x86
		{2552E97B-D428-4878-967E-6C32D6E1BABF}.Release|x64.ActiveCfg = Release|x64
		{2552E97B-D428-4878-967E-6C32D6E1BABF}.Release|x64.Build.0 = Release|x64
		{2552E97B-D428-4878-967E-6C32D6E1BABF}.Release|x64.Deploy.0 = Release|x64
		{2552E97B-D428-4878-967E-6C32D6E1BABF}.Release|x86.ActiveCfg = Release|x86
		{2552E97B-D428-4878-967E-6C32D6E1BABF}.Release|x86.Build.0 = Release|x86
		{2552E97B-D428-4878-967E-6C32D6E1BABF}.Release|x86.Deploy.0 = Release|x86
		{A203AF70-0844-460A-A4A4-5CE493578C59}.Ad-Hoc|Any CPU.ActiveCfg = Release|Any CPU
		{A203AF70-0844-460A-A4A4-5CE493578C59}.Ad-Hoc|Any CPU.Build.0 = Release|Any CPU
		{A203AF70-0844-460A-A4A4-5CE493578C59}.Ad-Hoc|ARM.ActiveCfg = Release|Any CPU
		{A203AF70-0844-460A-A4A4-5CE493578C59}.Ad-Hoc|ARM.Build.0 = Release|Any CPU
		{A203AF70-0844-460A-A4A4-5CE493578C59}.Ad-Hoc|iPhone.ActiveCfg = Release|Any CPU
		{A203AF70-0844-460A-A4A4-5CE493578C59}.Ad-Hoc|iPhone.Build.0 = Release|Any CPU
		{A203AF70-0844-460A-A4A4-5CE493578C59}.Ad-Hoc|iPhoneSimulator.ActiveCfg = Release|Any CPU
		{A203AF70-0844-460A-A4A4-5CE493578C59}.Ad-Hoc|iPhoneSimulator.Build.0 = Release|Any CPU
		{A203AF70-0844-460A-A4A4-5CE493578C59}.Ad-Hoc|x64.ActiveCfg = Release|Any CPU
		{A203AF70-0844-460A-A4A4-5CE493578C59}.Ad-Hoc|x64.Build.0 = Release|Any CPU
		{A203AF70-0844-460A-A4A4-5CE493578C59}.Ad-Hoc|x86.ActiveCfg = Release|Any CPU
		{A203AF70-0844-460A-A4A4-5CE493578C59}.Ad-Hoc|x86.Build.0 = Release|Any CPU
		{A203AF70-0844-460A-A4A4-5CE493578C59}.AppStore|Any CPU.ActiveCfg = Release|Any CPU
		{A203AF70-0844-460A-A4A4-5CE493578C59}.AppStore|Any CPU.Build.0 = Release|Any CPU
		{A203AF70-0844-460A-A4A4-5CE493578C59}.AppStore|ARM.ActiveCfg = Release|Any CPU
		{A203AF70-0844-460A-A4A4-5CE493578C59}.AppStore|ARM.Build.0 = Release|Any CPU
		{A203AF70-0844-460A-A4A4-5CE493578C59}.AppStore|iPhone.ActiveCfg = Release|Any CPU
		{A203AF70-0844-460A-A4A4-5CE493578C59}.AppStore|iPhone.Build.0 = Release|Any CPU
		{A203AF70-0844-460A-A4A4-5CE493578C59}.AppStore|iPhoneSimulator.ActiveCfg = Release|Any CPU
		{A203AF70-0844-460A-A4A4-5CE493578C59}.AppStore|iPhoneSimulator.Build.0 = Release|Any CPU
		{A203AF70-0844-460A-A4A4-5CE493578C59}.AppStore|x64.ActiveCfg = Release|Any CPU
		{A203AF70-0844-460A-A4A4-5CE493578C59}.AppStore|x64.Build.0 = Release|Any CPU
		{A203AF70-0844-460A-A4A4-5CE493578C59}.AppStore|x86.ActiveCfg = Release|Any CPU
		{A203AF70-0844-460A-A4A4-5CE493578C59}.AppStore|x86.Build.0 = Release|Any CPU
		{A203AF70-0844-460A-A4A4-5CE493578C59}.Debug|Any CPU.ActiveCfg = Debug|Any CPU
		{A203AF70-0844-460A-A4A4-5CE493578C59}.Debug|Any CPU.Build.0 = Debug|Any CPU
		{A203AF70-0844-460A-A4A4-5CE493578C59}.Debug|ARM.ActiveCfg = Debug|Any CPU
		{A203AF70-0844-460A-A4A4-5CE493578C59}.Debug|ARM.Build.0 = Debug|Any CPU
		{A203AF70-0844-460A-A4A4-5CE493578C59}.Debug|iPhone.ActiveCfg = Debug|Any CPU
		{A203AF70-0844-460A-A4A4-5CE493578C59}.Debug|iPhone.Build.0 = Debug|Any CPU
		{A203AF70-0844-460A-A4A4-5CE493578C59}.Debug|iPhoneSimulator.ActiveCfg = Debug|Any CPU
		{A203AF70-0844-460A-A4A4-5CE493578C59}.Debug|iPhoneSimulator.Build.0 = Debug|Any CPU
		{A203AF70-0844-460A-A4A4-5CE493578C59}.Debug|x64.ActiveCfg = Debug|Any CPU
		{A203AF70-0844-460A-A4A4-5CE493578C59}.Debug|x64.Build.0 = Debug|Any CPU
		{A203AF70-0844-460A-A4A4-5CE493578C59}.Debug|x86.ActiveCfg = Debug|Any CPU
		{A203AF70-0844-460A-A4A4-5CE493578C59}.Debug|x86.Build.0 = Debug|Any CPU
		{A203AF70-0844-460A-A4A4-5CE493578C59}.Release|Any CPU.ActiveCfg = Release|Any CPU
		{A203AF70-0844-460A-A4A4-5CE493578C59}.Release|Any CPU.Build.0 = Release|Any CPU
		{A203AF70-0844-460A-A4A4-5CE493578C59}.Release|ARM.ActiveCfg = Release|Any CPU
		{A203AF70-0844-460A-A4A4-5CE493578C59}.Release|ARM.Build.0 = Release|Any CPU
		{A203AF70-0844-460A-A4A4-5CE493578C59}.Release|iPhone.ActiveCfg = Release|Any CPU
		{A203AF70-0844-460A-A4A4-5CE493578C59}.Release|iPhone.Build.0 = Release|Any CPU
		{A203AF70-0844-460A-A4A4-5CE493578C59}.Release|iPhoneSimulator.ActiveCfg = Release|Any CPU
		{A203AF70-0844-460A-A4A4-5CE493578C59}.Release|iPhoneSimulator.Build.0 = Release|Any CPU
		{A203AF70-0844-460A-A4A4-5CE493578C59}.Release|x64.ActiveCfg = Release|Any CPU
		{A203AF70-0844-460A-A4A4-5CE493578C59}.Release|x64.Build.0 = Release|Any CPU
		{A203AF70-0844-460A-A4A4-5CE493578C59}.Release|x86.ActiveCfg = Release|Any CPU
		{A203AF70-0844-460A-A4A4-5CE493578C59}.Release|x86.Build.0 = Release|Any CPU
		{D324E0F7-19FC-4AE1-8425-9D024A14B5F1}.Ad-Hoc|Any CPU.ActiveCfg = Release|Any CPU
		{D324E0F7-19FC-4AE1-8425-9D024A14B5F1}.Ad-Hoc|Any CPU.Build.0 = Release|Any CPU
		{D324E0F7-19FC-4AE1-8425-9D024A14B5F1}.Ad-Hoc|ARM.ActiveCfg = Release|Any CPU
		{D324E0F7-19FC-4AE1-8425-9D024A14B5F1}.Ad-Hoc|ARM.Build.0 = Release|Any CPU
		{D324E0F7-19FC-4AE1-8425-9D024A14B5F1}.Ad-Hoc|iPhone.ActiveCfg = Release|Any CPU
		{D324E0F7-19FC-4AE1-8425-9D024A14B5F1}.Ad-Hoc|iPhone.Build.0 = Release|Any CPU
		{D324E0F7-19FC-4AE1-8425-9D024A14B5F1}.Ad-Hoc|iPhoneSimulator.ActiveCfg = Release|Any CPU
		{D324E0F7-19FC-4AE1-8425-9D024A14B5F1}.Ad-Hoc|iPhoneSimulator.Build.0 = Release|Any CPU
		{D324E0F7-19FC-4AE1-8425-9D024A14B5F1}.Ad-Hoc|x64.ActiveCfg = Release|Any CPU
		{D324E0F7-19FC-4AE1-8425-9D024A14B5F1}.Ad-Hoc|x64.Build.0 = Release|Any CPU
		{D324E0F7-19FC-4AE1-8425-9D024A14B5F1}.Ad-Hoc|x86.ActiveCfg = Release|Any CPU
		{D324E0F7-19FC-4AE1-8425-9D024A14B5F1}.Ad-Hoc|x86.Build.0 = Release|Any CPU
		{D324E0F7-19FC-4AE1-8425-9D024A14B5F1}.AppStore|Any CPU.ActiveCfg = Release|Any CPU
		{D324E0F7-19FC-4AE1-8425-9D024A14B5F1}.AppStore|Any CPU.Build.0 = Release|Any CPU
		{D324E0F7-19FC-4AE1-8425-9D024A14B5F1}.AppStore|ARM.ActiveCfg = Release|Any CPU
		{D324E0F7-19FC-4AE1-8425-9D024A14B5F1}.AppStore|ARM.Build.0 = Release|Any CPU
		{D324E0F7-19FC-4AE1-8425-9D024A14B5F1}.AppStore|iPhone.ActiveCfg = Release|Any CPU
		{D324E0F7-19FC-4AE1-8425-9D024A14B5F1}.AppStore|iPhone.Build.0 = Release|Any CPU
		{D324E0F7-19FC-4AE1-8425-9D024A14B5F1}.AppStore|iPhoneSimulator.ActiveCfg = Release|Any CPU
		{D324E0F7-19FC-4AE1-8425-9D024A14B5F1}.AppStore|iPhoneSimulator.Build.0 = Release|Any CPU
		{D324E0F7-19FC-4AE1-8425-9D024A14B5F1}.AppStore|x64.ActiveCfg = Release|Any CPU
		{D324E0F7-19FC-4AE1-8425-9D024A14B5F1}.AppStore|x64.Build.0 = Release|Any CPU
		{D324E0F7-19FC-4AE1-8425-9D024A14B5F1}.AppStore|x86.ActiveCfg = Release|Any CPU
		{D324E0F7-19FC-4AE1-8425-9D024A14B5F1}.AppStore|x86.Build.0 = Release|Any CPU
		{D324E0F7-19FC-4AE1-8425-9D024A14B5F1}.Debug|Any CPU.ActiveCfg = Debug|Any CPU
		{D324E0F7-19FC-4AE1-8425-9D024A14B5F1}.Debug|Any CPU.Build.0 = Debug|Any CPU
		{D324E0F7-19FC-4AE1-8425-9D024A14B5F1}.Debug|ARM.ActiveCfg = Debug|Any CPU
		{D324E0F7-19FC-4AE1-8425-9D024A14B5F1}.Debug|ARM.Build.0 = Debug|Any CPU
		{D324E0F7-19FC-4AE1-8425-9D024A14B5F1}.Debug|iPhone.ActiveCfg = Debug|Any CPU
		{D324E0F7-19FC-4AE1-8425-9D024A14B5F1}.Debug|iPhone.Build.0 = Debug|Any CPU
		{D324E0F7-19FC-4AE1-8425-9D024A14B5F1}.Debug|iPhoneSimulator.ActiveCfg = Debug|Any CPU
		{D324E0F7-19FC-4AE1-8425-9D024A14B5F1}.Debug|iPhoneSimulator.Build.0 = Debug|Any CPU
		{D324E0F7-19FC-4AE1-8425-9D024A14B5F1}.Debug|x64.ActiveCfg = Debug|Any CPU
		{D324E0F7-19FC-4AE1-8425-9D024A14B5F1}.Debug|x64.Build.0 = Debug|Any CPU
		{D324E0F7-19FC-4AE1-8425-9D024A14B5F1}.Debug|x86.ActiveCfg = Debug|Any CPU
		{D324E0F7-19FC-4AE1-8425-9D024A14B5F1}.Debug|x86.Build.0 = Debug|Any CPU
		{D324E0F7-19FC-4AE1-8425-9D024A14B5F1}.Release|Any CPU.ActiveCfg = Release|Any CPU
		{D324E0F7-19FC-4AE1-8425-9D024A14B5F1}.Release|Any CPU.Build.0 = Release|Any CPU
		{D324E0F7-19FC-4AE1-8425-9D024A14B5F1}.Release|ARM.ActiveCfg = Release|Any CPU
		{D324E0F7-19FC-4AE1-8425-9D024A14B5F1}.Release|ARM.Build.0 = Release|Any CPU
		{D324E0F7-19FC-4AE1-8425-9D024A14B5F1}.Release|iPhone.ActiveCfg = Release|Any CPU
		{D324E0F7-19FC-4AE1-8425-9D024A14B5F1}.Release|iPhone.Build.0 = Release|Any CPU
		{D324E0F7-19FC-4AE1-8425-9D024A14B5F1}.Release|iPhoneSimulator.ActiveCfg = Release|Any CPU
		{D324E0F7-19FC-4AE1-8425-9D024A14B5F1}.Release|iPhoneSimulator.Build.0 = Release|Any CPU
		{D324E0F7-19FC-4AE1-8425-9D024A14B5F1}.Release|x64.ActiveCfg = Release|Any CPU
		{D324E0F7-19FC-4AE1-8425-9D024A14B5F1}.Release|x64.Build.0 = Release|Any CPU
		{D324E0F7-19FC-4AE1-8425-9D024A14B5F1}.Release|x86.ActiveCfg = Release|Any CPU
		{D324E0F7-19FC-4AE1-8425-9D024A14B5F1}.Release|x86.Build.0 = Release|Any CPU
		{E3C0E418-0FDD-407E-8788-5F37A1E3CB84}.Ad-Hoc|Any CPU.ActiveCfg = Release|Any CPU
		{E3C0E418-0FDD-407E-8788-5F37A1E3CB84}.Ad-Hoc|Any CPU.Build.0 = Release|Any CPU
		{E3C0E418-0FDD-407E-8788-5F37A1E3CB84}.Ad-Hoc|ARM.ActiveCfg = Release|Any CPU
		{E3C0E418-0FDD-407E-8788-5F37A1E3CB84}.Ad-Hoc|ARM.Build.0 = Release|Any CPU
		{E3C0E418-0FDD-407E-8788-5F37A1E3CB84}.Ad-Hoc|iPhone.ActiveCfg = Release|Any CPU
		{E3C0E418-0FDD-407E-8788-5F37A1E3CB84}.Ad-Hoc|iPhone.Build.0 = Release|Any CPU
		{E3C0E418-0FDD-407E-8788-5F37A1E3CB84}.Ad-Hoc|iPhoneSimulator.ActiveCfg = Release|Any CPU
		{E3C0E418-0FDD-407E-8788-5F37A1E3CB84}.Ad-Hoc|iPhoneSimulator.Build.0 = Release|Any CPU
		{E3C0E418-0FDD-407E-8788-5F37A1E3CB84}.Ad-Hoc|x64.ActiveCfg = Release|Any CPU
		{E3C0E418-0FDD-407E-8788-5F37A1E3CB84}.Ad-Hoc|x64.Build.0 = Release|Any CPU
		{E3C0E418-0FDD-407E-8788-5F37A1E3CB84}.Ad-Hoc|x86.ActiveCfg = Release|Any CPU
		{E3C0E418-0FDD-407E-8788-5F37A1E3CB84}.Ad-Hoc|x86.Build.0 = Release|Any CPU
		{E3C0E418-0FDD-407E-8788-5F37A1E3CB84}.AppStore|Any CPU.ActiveCfg = Release|Any CPU
		{E3C0E418-0FDD-407E-8788-5F37A1E3CB84}.AppStore|Any CPU.Build.0 = Release|Any CPU
		{E3C0E418-0FDD-407E-8788-5F37A1E3CB84}.AppStore|ARM.ActiveCfg = Release|Any CPU
		{E3C0E418-0FDD-407E-8788-5F37A1E3CB84}.AppStore|ARM.Build.0 = Release|Any CPU
		{E3C0E418-0FDD-407E-8788-5F37A1E3CB84}.AppStore|iPhone.ActiveCfg = Release|Any CPU
		{E3C0E418-0FDD-407E-8788-5F37A1E3CB84}.AppStore|iPhone.Build.0 = Release|Any CPU
		{E3C0E418-0FDD-407E-8788-5F37A1E3CB84}.AppStore|iPhoneSimulator.ActiveCfg = Release|Any CPU
		{E3C0E418-0FDD-407E-8788-5F37A1E3CB84}.AppStore|iPhoneSimulator.Build.0 = Release|Any CPU
		{E3C0E418-0FDD-407E-8788-5F37A1E3CB84}.AppStore|x64.ActiveCfg = Release|Any CPU
		{E3C0E418-0FDD-407E-8788-5F37A1E3CB84}.AppStore|x64.Build.0 = Release|Any CPU
		{E3C0E418-0FDD-407E-8788-5F37A1E3CB84}.AppStore|x86.ActiveCfg = Release|Any CPU
		{E3C0E418-0FDD-407E-8788-5F37A1E3CB84}.AppStore|x86.Build.0 = Release|Any CPU
		{E3C0E418-0FDD-407E-8788-5F37A1E3CB84}.Debug|Any CPU.ActiveCfg = Debug|Any CPU
		{E3C0E418-0FDD-407E-8788-5F37A1E3CB84}.Debug|Any CPU.Build.0 = Debug|Any CPU
		{E3C0E418-0FDD-407E-8788-5F37A1E3CB84}.Debug|Any CPU.Deploy.0 = Debug|Any CPU
		{E3C0E418-0FDD-407E-8788-5F37A1E3CB84}.Debug|ARM.ActiveCfg = Debug|Any CPU
		{E3C0E418-0FDD-407E-8788-5F37A1E3CB84}.Debug|ARM.Build.0 = Debug|Any CPU
		{E3C0E418-0FDD-407E-8788-5F37A1E3CB84}.Debug|iPhone.ActiveCfg = Debug|Any CPU
		{E3C0E418-0FDD-407E-8788-5F37A1E3CB84}.Debug|iPhone.Build.0 = Debug|Any CPU
		{E3C0E418-0FDD-407E-8788-5F37A1E3CB84}.Debug|iPhoneSimulator.ActiveCfg = Debug|Any CPU
		{E3C0E418-0FDD-407E-8788-5F37A1E3CB84}.Debug|iPhoneSimulator.Build.0 = Debug|Any CPU
		{E3C0E418-0FDD-407E-8788-5F37A1E3CB84}.Debug|x64.ActiveCfg = Debug|Any CPU
		{E3C0E418-0FDD-407E-8788-5F37A1E3CB84}.Debug|x64.Build.0 = Debug|Any CPU
		{E3C0E418-0FDD-407E-8788-5F37A1E3CB84}.Debug|x86.ActiveCfg = Debug|Any CPU
		{E3C0E418-0FDD-407E-8788-5F37A1E3CB84}.Debug|x86.Build.0 = Debug|Any CPU
		{E3C0E418-0FDD-407E-8788-5F37A1E3CB84}.Release|Any CPU.ActiveCfg = Release|Any CPU
		{E3C0E418-0FDD-407E-8788-5F37A1E3CB84}.Release|Any CPU.Build.0 = Release|Any CPU
		{E3C0E418-0FDD-407E-8788-5F37A1E3CB84}.Release|Any CPU.Deploy.0 = Release|Any CPU
		{E3C0E418-0FDD-407E-8788-5F37A1E3CB84}.Release|ARM.ActiveCfg = Release|Any CPU
		{E3C0E418-0FDD-407E-8788-5F37A1E3CB84}.Release|ARM.Build.0 = Release|Any CPU
		{E3C0E418-0FDD-407E-8788-5F37A1E3CB84}.Release|iPhone.ActiveCfg = Release|Any CPU
		{E3C0E418-0FDD-407E-8788-5F37A1E3CB84}.Release|iPhone.Build.0 = Release|Any CPU
		{E3C0E418-0FDD-407E-8788-5F37A1E3CB84}.Release|iPhoneSimulator.ActiveCfg = Release|Any CPU
		{E3C0E418-0FDD-407E-8788-5F37A1E3CB84}.Release|iPhoneSimulator.Build.0 = Release|Any CPU
		{E3C0E418-0FDD-407E-8788-5F37A1E3CB84}.Release|x64.ActiveCfg = Release|Any CPU
		{E3C0E418-0FDD-407E-8788-5F37A1E3CB84}.Release|x64.Build.0 = Release|Any CPU
		{E3C0E418-0FDD-407E-8788-5F37A1E3CB84}.Release|x86.ActiveCfg = Release|Any CPU
		{E3C0E418-0FDD-407E-8788-5F37A1E3CB84}.Release|x86.Build.0 = Release|Any CPU
		{33895D34-AACF-42DA-A701-791DEF758CB6}.Ad-Hoc|Any CPU.ActiveCfg = Release|Any CPU
		{33895D34-AACF-42DA-A701-791DEF758CB6}.Ad-Hoc|Any CPU.Build.0 = Release|Any CPU
		{33895D34-AACF-42DA-A701-791DEF758CB6}.Ad-Hoc|ARM.ActiveCfg = Release|Any CPU
		{33895D34-AACF-42DA-A701-791DEF758CB6}.Ad-Hoc|ARM.Build.0 = Release|Any CPU
		{33895D34-AACF-42DA-A701-791DEF758CB6}.Ad-Hoc|iPhone.ActiveCfg = Release|Any CPU
		{33895D34-AACF-42DA-A701-791DEF758CB6}.Ad-Hoc|iPhone.Build.0 = Release|Any CPU
		{33895D34-AACF-42DA-A701-791DEF758CB6}.Ad-Hoc|iPhoneSimulator.ActiveCfg = Release|Any CPU
		{33895D34-AACF-42DA-A701-791DEF758CB6}.Ad-Hoc|iPhoneSimulator.Build.0 = Release|Any CPU
		{33895D34-AACF-42DA-A701-791DEF758CB6}.Ad-Hoc|x64.ActiveCfg = Release|Any CPU
		{33895D34-AACF-42DA-A701-791DEF758CB6}.Ad-Hoc|x64.Build.0 = Release|Any CPU
		{33895D34-AACF-42DA-A701-791DEF758CB6}.Ad-Hoc|x86.ActiveCfg = Release|Any CPU
		{33895D34-AACF-42DA-A701-791DEF758CB6}.Ad-Hoc|x86.Build.0 = Release|Any CPU
		{33895D34-AACF-42DA-A701-791DEF758CB6}.AppStore|Any CPU.ActiveCfg = Release|Any CPU
		{33895D34-AACF-42DA-A701-791DEF758CB6}.AppStore|Any CPU.Build.0 = Release|Any CPU
		{33895D34-AACF-42DA-A701-791DEF758CB6}.AppStore|ARM.ActiveCfg = Release|Any CPU
		{33895D34-AACF-42DA-A701-791DEF758CB6}.AppStore|ARM.Build.0 = Release|Any CPU
		{33895D34-AACF-42DA-A701-791DEF758CB6}.AppStore|iPhone.ActiveCfg = Release|Any CPU
		{33895D34-AACF-42DA-A701-791DEF758CB6}.AppStore|iPhone.Build.0 = Release|Any CPU
		{33895D34-AACF-42DA-A701-791DEF758CB6}.AppStore|iPhoneSimulator.ActiveCfg = Release|Any CPU
		{33895D34-AACF-42DA-A701-791DEF758CB6}.AppStore|iPhoneSimulator.Build.0 = Release|Any CPU
		{33895D34-AACF-42DA-A701-791DEF758CB6}.AppStore|x64.ActiveCfg = Release|Any CPU
		{33895D34-AACF-42DA-A701-791DEF758CB6}.AppStore|x64.Build.0 = Release|Any CPU
		{33895D34-AACF-42DA-A701-791DEF758CB6}.AppStore|x86.ActiveCfg = Release|Any CPU
		{33895D34-AACF-42DA-A701-791DEF758CB6}.AppStore|x86.Build.0 = Release|Any CPU
		{33895D34-AACF-42DA-A701-791DEF758CB6}.Debug|Any CPU.ActiveCfg = Debug|Any CPU
		{33895D34-AACF-42DA-A701-791DEF758CB6}.Debug|Any CPU.Build.0 = Debug|Any CPU
		{33895D34-AACF-42DA-A701-791DEF758CB6}.Debug|ARM.ActiveCfg = Debug|Any CPU
		{33895D34-AACF-42DA-A701-791DEF758CB6}.Debug|ARM.Build.0 = Debug|Any CPU
		{33895D34-AACF-42DA-A701-791DEF758CB6}.Debug|iPhone.ActiveCfg = Debug|Any CPU
		{33895D34-AACF-42DA-A701-791DEF758CB6}.Debug|iPhone.Build.0 = Debug|Any CPU
		{33895D34-AACF-42DA-A701-791DEF758CB6}.Debug|iPhoneSimulator.ActiveCfg = Debug|Any CPU
		{33895D34-AACF-42DA-A701-791DEF758CB6}.Debug|iPhoneSimulator.Build.0 = Debug|Any CPU
		{33895D34-AACF-42DA-A701-791DEF758CB6}.Debug|x64.ActiveCfg = Debug|Any CPU
		{33895D34-AACF-42DA-A701-791DEF758CB6}.Debug|x64.Build.0 = Debug|Any CPU
		{33895D34-AACF-42DA-A701-791DEF758CB6}.Debug|x86.ActiveCfg = Debug|Any CPU
		{33895D34-AACF-42DA-A701-791DEF758CB6}.Debug|x86.Build.0 = Debug|Any CPU
		{33895D34-AACF-42DA-A701-791DEF758CB6}.Release|Any CPU.ActiveCfg = Release|Any CPU
		{33895D34-AACF-42DA-A701-791DEF758CB6}.Release|Any CPU.Build.0 = Release|Any CPU
		{33895D34-AACF-42DA-A701-791DEF758CB6}.Release|ARM.ActiveCfg = Release|Any CPU
		{33895D34-AACF-42DA-A701-791DEF758CB6}.Release|ARM.Build.0 = Release|Any CPU
		{33895D34-AACF-42DA-A701-791DEF758CB6}.Release|iPhone.ActiveCfg = Release|Any CPU
		{33895D34-AACF-42DA-A701-791DEF758CB6}.Release|iPhone.Build.0 = Release|Any CPU
		{33895D34-AACF-42DA-A701-791DEF758CB6}.Release|iPhoneSimulator.ActiveCfg = Release|Any CPU
		{33895D34-AACF-42DA-A701-791DEF758CB6}.Release|iPhoneSimulator.Build.0 = Release|Any CPU
		{33895D34-AACF-42DA-A701-791DEF758CB6}.Release|x64.ActiveCfg = Release|Any CPU
		{33895D34-AACF-42DA-A701-791DEF758CB6}.Release|x64.Build.0 = Release|Any CPU
		{33895D34-AACF-42DA-A701-791DEF758CB6}.Release|x86.ActiveCfg = Release|Any CPU
		{33895D34-AACF-42DA-A701-791DEF758CB6}.Release|x86.Build.0 = Release|Any CPU
		{D5103E8B-8EA5-4D0B-9028-1B2D89632B3F}.Ad-Hoc|Any CPU.ActiveCfg = Release|x64
		{D5103E8B-8EA5-4D0B-9028-1B2D89632B3F}.Ad-Hoc|Any CPU.Build.0 = Release|x64
		{D5103E8B-8EA5-4D0B-9028-1B2D89632B3F}.Ad-Hoc|Any CPU.Deploy.0 = Release|x64
		{D5103E8B-8EA5-4D0B-9028-1B2D89632B3F}.Ad-Hoc|ARM.ActiveCfg = Release|ARM
		{D5103E8B-8EA5-4D0B-9028-1B2D89632B3F}.Ad-Hoc|ARM.Build.0 = Release|ARM
		{D5103E8B-8EA5-4D0B-9028-1B2D89632B3F}.Ad-Hoc|ARM.Deploy.0 = Release|ARM
		{D5103E8B-8EA5-4D0B-9028-1B2D89632B3F}.Ad-Hoc|ARM64.ActiveCfg = Release|ARM64
		{D5103E8B-8EA5-4D0B-9028-1B2D89632B3F}.Ad-Hoc|ARM64.Build.0 = Release|ARM64
		{D5103E8B-8EA5-4D0B-9028-1B2D89632B3F}.Ad-Hoc|ARM64.Deploy.0 = Release|ARM64
		{D5103E8B-8EA5-4D0B-9028-1B2D89632B3F}.Ad-Hoc|iPhone.ActiveCfg = Release|x64
		{D5103E8B-8EA5-4D0B-9028-1B2D89632B3F}.Ad-Hoc|iPhone.Build.0 = Release|x64
		{D5103E8B-8EA5-4D0B-9028-1B2D89632B3F}.Ad-Hoc|iPhone.Deploy.0 = Release|x64
		{D5103E8B-8EA5-4D0B-9028-1B2D89632B3F}.Ad-Hoc|iPhoneSimulator.ActiveCfg = Release|x64
		{D5103E8B-8EA5-4D0B-9028-1B2D89632B3F}.Ad-Hoc|iPhoneSimulator.Build.0 = Release|x64
		{D5103E8B-8EA5-4D0B-9028-1B2D89632B3F}.Ad-Hoc|iPhoneSimulator.Deploy.0 = Release|x64
		{D5103E8B-8EA5-4D0B-9028-1B2D89632B3F}.Ad-Hoc|x64.ActiveCfg = Release|x64
		{D5103E8B-8EA5-4D0B-9028-1B2D89632B3F}.Ad-Hoc|x64.Build.0 = Release|x64
		{D5103E8B-8EA5-4D0B-9028-1B2D89632B3F}.Ad-Hoc|x64.Deploy.0 = Release|x64
		{D5103E8B-8EA5-4D0B-9028-1B2D89632B3F}.Ad-Hoc|x86.ActiveCfg = Release|x86
		{D5103E8B-8EA5-4D0B-9028-1B2D89632B3F}.Ad-Hoc|x86.Build.0 = Release|x86
		{D5103E8B-8EA5-4D0B-9028-1B2D89632B3F}.Ad-Hoc|x86.Deploy.0 = Release|x86
		{D5103E8B-8EA5-4D0B-9028-1B2D89632B3F}.AppStore|Any CPU.ActiveCfg = Release|x64
		{D5103E8B-8EA5-4D0B-9028-1B2D89632B3F}.AppStore|Any CPU.Build.0 = Release|x64
		{D5103E8B-8EA5-4D0B-9028-1B2D89632B3F}.AppStore|Any CPU.Deploy.0 = Release|x64
		{D5103E8B-8EA5-4D0B-9028-1B2D89632B3F}.AppStore|ARM.ActiveCfg = Release|ARM
		{D5103E8B-8EA5-4D0B-9028-1B2D89632B3F}.AppStore|ARM.Build.0 = Release|ARM
		{D5103E8B-8EA5-4D0B-9028-1B2D89632B3F}.AppStore|ARM.Deploy.0 = Release|ARM
		{D5103E8B-8EA5-4D0B-9028-1B2D89632B3F}.AppStore|ARM64.ActiveCfg = Release|ARM64
		{D5103E8B-8EA5-4D0B-9028-1B2D89632B3F}.AppStore|ARM64.Build.0 = Release|ARM64
		{D5103E8B-8EA5-4D0B-9028-1B2D89632B3F}.AppStore|ARM64.Deploy.0 = Release|ARM64
		{D5103E8B-8EA5-4D0B-9028-1B2D89632B3F}.AppStore|iPhone.ActiveCfg = Release|x64
		{D5103E8B-8EA5-4D0B-9028-1B2D89632B3F}.AppStore|iPhone.Build.0 = Release|x64
		{D5103E8B-8EA5-4D0B-9028-1B2D89632B3F}.AppStore|iPhone.Deploy.0 = Release|x64
		{D5103E8B-8EA5-4D0B-9028-1B2D89632B3F}.AppStore|iPhoneSimulator.ActiveCfg = Release|x64
		{D5103E8B-8EA5-4D0B-9028-1B2D89632B3F}.AppStore|iPhoneSimulator.Build.0 = Release|x64
		{D5103E8B-8EA5-4D0B-9028-1B2D89632B3F}.AppStore|iPhoneSimulator.Deploy.0 = Release|x64
		{D5103E8B-8EA5-4D0B-9028-1B2D89632B3F}.AppStore|x64.ActiveCfg = Release|x64
		{D5103E8B-8EA5-4D0B-9028-1B2D89632B3F}.AppStore|x64.Build.0 = Release|x64
		{D5103E8B-8EA5-4D0B-9028-1B2D89632B3F}.AppStore|x64.Deploy.0 = Release|x64
		{D5103E8B-8EA5-4D0B-9028-1B2D89632B3F}.AppStore|x86.ActiveCfg = Release|x86
		{D5103E8B-8EA5-4D0B-9028-1B2D89632B3F}.AppStore|x86.Build.0 = Release|x86
		{D5103E8B-8EA5-4D0B-9028-1B2D89632B3F}.AppStore|x86.Deploy.0 = Release|x86
		{D5103E8B-8EA5-4D0B-9028-1B2D89632B3F}.Debug|Any CPU.ActiveCfg = Debug|x86
		{D5103E8B-8EA5-4D0B-9028-1B2D89632B3F}.Debug|ARM.ActiveCfg = Debug|ARM
		{D5103E8B-8EA5-4D0B-9028-1B2D89632B3F}.Debug|ARM.Build.0 = Debug|ARM
		{D5103E8B-8EA5-4D0B-9028-1B2D89632B3F}.Debug|ARM.Deploy.0 = Debug|ARM
		{D5103E8B-8EA5-4D0B-9028-1B2D89632B3F}.Debug|ARM64.ActiveCfg = Debug|ARM64
		{D5103E8B-8EA5-4D0B-9028-1B2D89632B3F}.Debug|ARM64.Build.0 = Debug|ARM64
		{D5103E8B-8EA5-4D0B-9028-1B2D89632B3F}.Debug|ARM64.Deploy.0 = Debug|ARM64
		{D5103E8B-8EA5-4D0B-9028-1B2D89632B3F}.Debug|iPhone.ActiveCfg = Debug|x86
		{D5103E8B-8EA5-4D0B-9028-1B2D89632B3F}.Debug|iPhoneSimulator.ActiveCfg = Debug|x86
		{D5103E8B-8EA5-4D0B-9028-1B2D89632B3F}.Debug|x64.ActiveCfg = Debug|x64
		{D5103E8B-8EA5-4D0B-9028-1B2D89632B3F}.Debug|x64.Build.0 = Debug|x64
		{D5103E8B-8EA5-4D0B-9028-1B2D89632B3F}.Debug|x64.Deploy.0 = Debug|x64
		{D5103E8B-8EA5-4D0B-9028-1B2D89632B3F}.Debug|x86.ActiveCfg = Debug|x86
		{D5103E8B-8EA5-4D0B-9028-1B2D89632B3F}.Debug|x86.Build.0 = Debug|x86
		{D5103E8B-8EA5-4D0B-9028-1B2D89632B3F}.Debug|x86.Deploy.0 = Debug|x86
		{D5103E8B-8EA5-4D0B-9028-1B2D89632B3F}.Release|Any CPU.ActiveCfg = Release|x86
		{D5103E8B-8EA5-4D0B-9028-1B2D89632B3F}.Release|ARM.ActiveCfg = Release|ARM
		{D5103E8B-8EA5-4D0B-9028-1B2D89632B3F}.Release|ARM.Build.0 = Release|ARM
		{D5103E8B-8EA5-4D0B-9028-1B2D89632B3F}.Release|ARM.Deploy.0 = Release|ARM
		{D5103E8B-8EA5-4D0B-9028-1B2D89632B3F}.Release|ARM64.ActiveCfg = Release|ARM64
		{D5103E8B-8EA5-4D0B-9028-1B2D89632B3F}.Release|ARM64.Build.0 = Release|ARM64
		{D5103E8B-8EA5-4D0B-9028-1B2D89632B3F}.Release|ARM64.Deploy.0 = Release|ARM64
		{D5103E8B-8EA5-4D0B-9028-1B2D89632B3F}.Release|iPhone.ActiveCfg = Release|x86
		{D5103E8B-8EA5-4D0B-9028-1B2D89632B3F}.Release|iPhoneSimulator.ActiveCfg = Release|x86
		{D5103E8B-8EA5-4D0B-9028-1B2D89632B3F}.Release|x64.ActiveCfg = Release|x64
		{D5103E8B-8EA5-4D0B-9028-1B2D89632B3F}.Release|x64.Build.0 = Release|x64
		{D5103E8B-8EA5-4D0B-9028-1B2D89632B3F}.Release|x64.Deploy.0 = Release|x64
		{D5103E8B-8EA5-4D0B-9028-1B2D89632B3F}.Release|x86.ActiveCfg = Release|x86
		{D5103E8B-8EA5-4D0B-9028-1B2D89632B3F}.Release|x86.Build.0 = Release|x86
		{D5103E8B-8EA5-4D0B-9028-1B2D89632B3F}.Release|x86.Deploy.0 = Release|x86
	EndGlobalSection
	GlobalSection(SolutionProperties) = preSolution
		HideSolutionNode = FALSE
	EndGlobalSection
	GlobalSection(ExtensibilityGlobals) = postSolution
		SolutionGuid = {F6D05029-56B8-4E45-AF2D-0E76295DDBA2}
	EndGlobalSection
EndGlobal
